
Microsoft Visual Studio Solution File, Format Version 12.00
# Visual Studio Version 17
VisualStudioVersion = 17.9.34728.123
MinimumVisualStudioVersion = 10.0.40219.1
Project("{FAE04EC0-301F-11D3-BF4B-00C04F79EFBC}") = "Kanban", "Kanban.csproj", "{7A7A7AC5-7E04-4CC0-B936-A3BC11967D02}"
EndProject
Global
	GlobalSection(SolutionConfigurationPlatforms) = preSolution
		Debug|Any CPU = Debug|Any CPU
		Release|Any CPU = Release|Any CPU
	EndGlobalSection
	GlobalSection(ProjectConfigurationPlatforms) = postSolution
		{7A7A7AC5-7E04-4CC0-B936-A3BC11967D02}.Debug|Any CPU.ActiveCfg = Debug|Any CPU
		{7A7A7AC5-7E04-4CC0-B936-A3BC11967D02}.Debug|Any CPU.Build.0 = Debug|Any CPU
		{7A7A7AC5-7E04-4CC0-B936-A3BC11967D02}.Release|Any CPU.ActiveCfg = Release|Any CPU
		{7A7A7AC5-7E04-4CC0-B936-A3BC11967D02}.Release|Any CPU.Build.0 = Release|Any CPU
	EndGlobalSection
	GlobalSection(SolutionProperties) = preSolution
		HideSolutionNode = FALSE
	EndGlobalSection
	GlobalSection(ExtensibilityGlobals) = postSolution
		SolutionGuid = {9E49F3A4-68FB-4312-9A69-5ED36536D7DF}
	EndGlobalSection
EndGlobal
